
Microsoft Visual Studio Solution File, Format Version 12.00
# Visual Studio Version 17
VisualStudioVersion = 17.8.34525.116
MinimumVisualStudioVersion = 10.0.40219.1
Project("{FAE04EC0-301F-11D3-BF4B-00C04F79EFBC}") = "BitfinexConnector", "BitfinexConnector\BitfinexConnector.csproj", "{A111D8C6-C48F-4639-9974-5E4C844BD124}"
EndProject
Project("{FAE04EC0-301F-11D3-BF4B-00C04F79EFBC}") = "StockExchangeCore", "StockExchangeCore\StockExchangeCore.csproj", "{66595620-BF78-47A8-B8A2-E1BCCF91B414}"
EndProject
Project("{FAE04EC0-301F-11D3-BF4B-00C04F79EFBC}") = "BitfinexUI", "BitfinexUI\BitfinexUI.csproj", "{0EB47E8F-AF1B-415C-8A7B-B1DDABA5AEE2}"
EndProject
Global
	GlobalSection(SolutionConfigurationPlatforms) = preSolution
		Debug|Any CPU = Debug|Any CPU
		Release|Any CPU = Release|Any CPU
	EndGlobalSection
	GlobalSection(ProjectConfigurationPlatforms) = postSolution
		{A111D8C6-C48F-4639-9974-5E4C844BD124}.Debug|Any CPU.ActiveCfg = Debug|Any CPU
		{A111D8C6-C48F-4639-9974-5E4C844BD124}.Debug|Any CPU.Build.0 = Debug|Any CPU
		{A111D8C6-C48F-4639-9974-5E4C844BD124}.Release|Any CPU.ActiveCfg = Release|Any CPU
		{A111D8C6-C48F-4639-9974-5E4C844BD124}.Release|Any CPU.Build.0 = Release|Any CPU
		{66595620-BF78-47A8-B8A2-E1BCCF91B414}.Debug|Any CPU.ActiveCfg = Debug|Any CPU
		{66595620-BF78-47A8-B8A2-E1BCCF91B414}.Debug|Any CPU.Build.0 = Debug|Any CPU
		{66595620-BF78-47A8-B8A2-E1BCCF91B414}.Release|Any CPU.ActiveCfg = Release|Any CPU
		{66595620-BF78-47A8-B8A2-E1BCCF91B414}.Release|Any CPU.Build.0 = Release|Any CPU
		{0EB47E8F-AF1B-415C-8A7B-B1DDABA5AEE2}.Debug|Any CPU.ActiveCfg = Debug|Any CPU
		{0EB47E8F-AF1B-415C-8A7B-B1DDABA5AEE2}.Debug|Any CPU.Build.0 = Debug|Any CPU
		{0EB47E8F-AF1B-415C-8A7B-B1DDABA5AEE2}.Release|Any CPU.ActiveCfg = Release|Any CPU
		{0EB47E8F-AF1B-415C-8A7B-B1DDABA5AEE2}.Release|Any CPU.Build.0 = Release|Any CPU
	EndGlobalSection
	GlobalSection(SolutionProperties) = preSolution
		HideSolutionNode = FALSE
	EndGlobalSection
	GlobalSection(ExtensibilityGlobals) = postSolution
		SolutionGuid = {F08DB102-0279-4FBB-8D3E-B25AC205914A}
	EndGlobalSection
EndGlobal
